Microsoft Visual Studio Solution File, Format Version 12.00
# Visual Studio Version 17
VisualStudioVersion = 17.5.2.0
MinimumVisualStudioVersion = 10.0.40219.1
Project("{FAE04EC0-301F-11D3-BF4B-00C04F79EFBC}") = "cloud_simple_webservice", "cloud_simple_webservice.csproj", "{78E0A22B-9165-FFFC-82CC-98448CDE6906}"
EndProject
Global
	GlobalSection(SolutionConfigurationPlatforms) = preSolution
		Debug|Any CPU = Debug|Any CPU
		Release|Any CPU = Release|Any CPU
	EndGlobalSection
	GlobalSection(ProjectConfigurationPlatforms) = postSolution
		{78E0A22B-9165-FFFC-82CC-98448CDE6906}.Debug|Any CPU.ActiveCfg = Debug|Any CPU
		{78E0A22B-9165-FFFC-82CC-98448CDE6906}.Debug|Any CPU.Build.0 = Debug|Any CPU
		{78E0A22B-9165-FFFC-82CC-98448CDE6906}.Release|Any CPU.ActiveCfg = Release|Any CPU
		{78E0A22B-9165-FFFC-82CC-98448CDE6906}.Release|Any CPU.Build.0 = Release|Any CPU
	EndGlobalSection
	GlobalSection(SolutionProperties) = preSolution
		HideSolutionNode = FALSE
	EndGlobalSection
	GlobalSection(ExtensibilityGlobals) = postSolution
		SolutionGuid = {66BF79EC-028B-4374-8ED5-A5E5024EB91E}
	EndGlobalSection
EndGlobal
